
Microsoft Visual Studio Solution File, Format Version 12.00
# Visual Studio 15
VisualStudioVersion = 15.0.28010.2026
MinimumVisualStudioVersion = 10.0.40219.1
Project("{FAE04EC0-301F-11D3-BF4B-00C04F79EFBC}") = "Ejemplo_Animacion", "Ejemplo_Animacion\Ejemplo_Animacion.csproj", "{EFD0C4B9-04DE-4B17-9D58-619ACEA37165}"
EndProject
Global
	GlobalSection(SolutionConfigurationPlatforms) = preSolution
		Debug|Any CPU = Debug|Any CPU
		Release|Any CPU = Release|Any CPU
	EndGlobalSection
	GlobalSection(ProjectConfigurationPlatforms) = postSolution
		{EFD0C4B9-04DE-4B17-9D58-619ACEA37165}.Debug|Any CPU.ActiveCfg = Debug|Any CPU
		{EFD0C4B9-04DE-4B17-9D58-619ACEA37165}.Debug|Any CPU.Build.0 = Debug|Any CPU
		{EFD0C4B9-04DE-4B17-9D58-619ACEA37165}.Release|Any CPU.ActiveCfg = Release|Any CPU
		{EFD0C4B9-04DE-4B17-9D58-619ACEA37165}.Release|Any CPU.Build.0 = Release|Any CPU
	EndGlobalSection
	GlobalSection(SolutionProperties) = preSolution
		HideSolutionNode = FALSE
	EndGlobalSection
	GlobalSection(ExtensibilityGlobals) = postSolution
		SolutionGuid = {E7ADB23F-87FF-4447-96E4-A87BA76A754A}
	EndGlobalSection
EndGlobal
