
Microsoft Visual Studio Solution File, Format Version 12.00
# Visual Studio 15
VisualStudioVersion = 15.0.27703.2042
MinimumVisualStudioVersion = 10.0.40219.1
Project("{FAE04EC0-301F-11D3-BF4B-00C04F79EFBC}") = "Laberinto", "Laberinto\Laberinto.csproj", "{5144A2A3-2AF9-4FB9-B07D-71B2506C7304}"
EndProject
Global
	GlobalSection(SolutionConfigurationPlatforms) = preSolution
		Debug|Any CPU = Debug|Any CPU
		Release|Any CPU = Release|Any CPU
	EndGlobalSection
	GlobalSection(ProjectConfigurationPlatforms) = postSolution
		{5144A2A3-2AF9-4FB9-B07D-71B2506C7304}.Debug|Any CPU.ActiveCfg = Debug|Any CPU
		{5144A2A3-2AF9-4FB9-B07D-71B2506C7304}.Debug|Any CPU.Build.0 = Debug|Any CPU
		{5144A2A3-2AF9-4FB9-B07D-71B2506C7304}.Release|Any CPU.ActiveCfg = Release|Any CPU
		{5144A2A3-2AF9-4FB9-B07D-71B2506C7304}.Release|Any CPU.Build.0 = Release|Any CPU
	EndGlobalSection
	GlobalSection(SolutionProperties) = preSolution
		HideSolutionNode = FALSE
	EndGlobalSection
	GlobalSection(ExtensibilityGlobals) = postSolution
		SolutionGuid = {425D0D1D-8A23-4AC0-8890-792290402930}
	EndGlobalSection
EndGlobal
